# @generated - this file is auto-generated by `mise lock` https://mise.en.dev/dev-tools/mise-lock.html

[[tools.helm]]
version = "3.18.4"
backend = "aqua:helm/helm"

[tools.helm."platforms.linux-arm64"]
url = "https://get.helm.sh/helm-3.18.4-linux-arm64.tar.gz"

[tools.helm."platforms.linux-arm64-musl"]
url = "https://get.helm.sh/helm-3.18.4-linux-arm64.tar.gz"

[tools.helm."platforms.linux-x64"]
url = "https://get.helm.sh/helm-3.18.4-linux-amd64.tar.gz"

[tools.helm."platforms.linux-x64-musl"]
url = "https://get.helm.sh/helm-3.18.4-linux-amd64.tar.gz"

[tools.helm."platforms.macos-arm64"]
url = "https://get.helm.sh/helm-3.18.4-darwin-arm64.tar.gz"

[tools.helm."platforms.macos-x64"]
url = "https://get.helm.sh/helm-3.18.4-darwin-amd64.tar.gz"

[tools.helm."platforms.windows-x64"]
url = "https://get.helm.sh/helm-3.18.4-windows-amd64.tar.gz"

[[tools.node]]
version = "22.19.0"
backend = "core:node"

[tools.node."platforms.linux-arm64"]
checksum = "sha256:d32817b937219b8f131a28546035183d79e7fd17a86e38ccb8772901a7cd9009"
url = "https://nodejs.org/dist/v22.19.0/node-v22.19.0-linux-arm64.tar.gz"

[tools.node."platforms.linux-arm64-musl"]
url = "https://unofficial-builds.nodejs.org/download/release/v22.19.0/node-v22.19.0-linux-arm64-musl.tar.gz"

[tools.node."platforms.linux-x64"]
checksum = "sha256:d36e56998220085782c0ca965f9d51b7726335aed2f5fc7321c6c0ad233aa96d"
url = "https://nodejs.org/dist/v22.19.0/node-v22.19.0-linux-x64.tar.gz"

[tools.node."platforms.linux-x64-musl"]
checksum = "sha256:97e0454f54244661a3f0ad743e1537d96adcb7904ff88cf993ddd3957bab7092"
url = "https://unofficial-builds.nodejs.org/download/release/v22.19.0/node-v22.19.0-linux-x64-musl.tar.gz"

[tools.node."platforms.macos-arm64"]
checksum = "sha256:c59006db713c770d6ec63ae16cb3edc11f49ee093b5c415d667bb4f436c6526d"
url = "https://nodejs.org/dist/v22.19.0/node-v22.19.0-darwin-arm64.tar.gz"

[tools.node."platforms.macos-x64"]
checksum = "sha256:3cfed4795cd97277559763c5f56e711852d2cc2420bda1cea30c8aa9ac77ce0c"
url = "https://nodejs.org/dist/v22.19.0/node-v22.19.0-darwin-x64.tar.gz"

[tools.node."platforms.windows-x64"]
checksum = "sha256:ea3fad0e67a991d8477d8c01344b56e69c676ccb733f065b22436994b1253f86"
url = "https://nodejs.org/dist/v22.19.0/node-v22.19.0-win-x64.zip"
